// !$*UTF8*$!
{
	archiveVersion = 1;
	classes = {
	};
	objectVersion = 50;
	objects = {

/* Begin PBXBuildFile section */
		19526BDF24C0B4120037AA8F /* words.json in Resources */ = {isa = PBXBuildFile; fileRef = 1970300024BF8593008F5471 /* words.json */; };
		19526BE124C0BCA00037AA8F /* GameWordPicker.swift in Sources */ = {isa = PBXBuildFile; fileRef = 19526BE024C0BCA00037AA8F /* GameWordPicker.swift */; };
		19526BE324C0BFD20037AA8F /* GameWordPickerStub.swift in Sources */ = {isa = PBXBuildFile; fileRef = 19526BE224C0BFD20037AA8F /* GameWordPickerStub.swift */; };
		19702FCD24BF663B008F5471 /* AppDelegate.swift in Sources */ = {isa = PBXBuildFile; fileRef = 19702FCC24BF663B008F5471 /* AppDelegate.swift */; };
		19702FD624BF663F008F5471 /* Assets.xcassets in Resources */ = {isa = PBXBuildFile; fileRef = 19702FD524BF663F008F5471 /* Assets.xcassets */; };
		19702FD924BF663F008F5471 /* LaunchScreen.storyboard in Resources */ = {isa = PBXBuildFile; fileRef = 19702FD724BF663F008F5471 /* LaunchScreen.storyboard */; };
		19702FE424BF663F008F5471 /* GameEngineTests.swift in Sources */ = {isa = PBXBuildFile; fileRef = 19702FE324BF663F008F5471 /* GameEngineTests.swift */; };
		19702FF424BF67F6008F5471 /* GameScreenViewController.swift in Sources */ = {isa = PBXBuildFile; fileRef = 19702FF324BF67F6008F5471 /* GameScreenViewController.swift */; };
		19702FF624BF6820008F5471 /* GameScreenAssembly.swift in Sources */ = {isa = PBXBuildFile; fileRef = 19702FF524BF6820008F5471 /* GameScreenAssembly.swift */; };
		19702FF824BF6B14008F5471 /* GameScreenViewController.xib in Resources */ = {isa = PBXBuildFile; fileRef = 19702FF724BF6B14008F5471 /* GameScreenViewController.xib */; };
		19702FFA24BF76E5008F5471 /* GameScreenViewModel.swift in Sources */ = {isa = PBXBuildFile; fileRef = 19702FF924BF76E5008F5471 /* GameScreenViewModel.swift */; };
		19702FFD24BF8549008F5471 /* WordsService.swift in Sources */ = {isa = PBXBuildFile; fileRef = 19702FFC24BF8549008F5471 /* WordsService.swift */; };
		19702FFF24BF8562008F5471 /* Word.swift in Sources */ = {isa = PBXBuildFile; fileRef = 19702FFE24BF8562008F5471 /* Word.swift */; };
		1970300124BF8593008F5471 /* words.json in Resources */ = {isa = PBXBuildFile; fileRef = 1970300024BF8593008F5471 /* words.json */; };
		1986292724C038A300C8D634 /* GameEngine.swift in Sources */ = {isa = PBXBuildFile; fileRef = 1986292624C038A300C8D634 /* GameEngine.swift */; };
/* End PBXBuildFile section */

/* Begin PBXContainerItemProxy section */
		19702FE024BF663F008F5471 /* PBXContainerItemProxy */ = {
			isa = PBXContainerItemProxy;
			containerPortal = 19702FC124BF663B008F5471 /* Project object */;
			proxyType = 1;
			remoteGlobalIDString = 19702FC824BF663B008F5471;
			remoteInfo = FallingWords;
		};
/* End PBXContainerItemProxy section */

/* Begin PBXFileReference section */
		19526BE024C0BCA00037AA8F /* GameWordPicker.swift */ = {isa = PBXFileReference; lastKnownFileType = sourcecode.swift; path = GameWordPicker.swift; sourceTree = "<group>"; };
		19526BE224C0BFD20037AA8F /* GameWordPickerStub.swift */ = {isa = PBXFileReference; lastKnownFileType = sourcecode.swift; path = GameWordPickerStub.swift; sourceTree = "<group>"; };
		19702FC924BF663B008F5471 /* FallingWords.app */ = {isa = PBXFileReference; explicitFileType = wrapper.application; includeInIndex = 0; path = FallingWords.app; sourceTree = BUILT_PRODUCTS_DIR; };
		19702FCC24BF663B008F5471 /* AppDelegate.swift */ = {isa = PBXFileReference; lastKnownFileType = sourcecode.swift; path = AppDelegate.swift; sourceTree = "<group>"; };
		19702FD524BF663F008F5471 /* Assets.xcassets */ = {isa = PBXFileReference; lastKnownFileType = folder.assetcatalog; path = Assets.xcassets; sourceTree = "<group>"; };
		19702FD824BF663F008F5471 /* Base */ = {isa = PBXFileReference; lastKnownFileType = file.storyboard; name = Base; path = Base.lproj/LaunchScreen.storyboard; sourceTree = "<group>"; };
		19702FDA24BF663F008F5471 /* Info.plist */ = {isa = PBXFileReference; lastKnownFileType = text.plist.xml; path = Info.plist; sourceTree = "<group>"; };
		19702FDF24BF663F008F5471 /* FallingWordsTests.xctest */ = {isa = PBXFileReference; explicitFileType = wrapper.cfbundle; includeInIndex = 0; path = FallingWordsTests.xctest; sourceTree = BUILT_PRODUCTS_DIR; };
		19702FE324BF663F008F5471 /* GameEngineTests.swift */ = {isa = PBXFileReference; lastKnownFileType = sourcecode.swift; path = GameEngineTests.swift; sourceTree = "<group>"; };
		19702FE524BF663F008F5471 /* Info.plist */ = {isa = PBXFileReference; lastKnownFileType = text.plist.xml; path = Info.plist; sourceTree = "<group>"; };
		19702FF324BF67F6008F5471 /* GameScreenViewController.swift */ = {isa = PBXFileReference; lastKnownFileType = sourcecode.swift; path = GameScreenViewController.swift; sourceTree = "<group>"; };
		19702FF524BF6820008F5471 /* GameScreenAssembly.swift */ = {isa = PBXFileReference; lastKnownFileType = sourcecode.swift; path = GameScreenAssembly.swift; sourceTree = "<group>"; };
		19702FF724BF6B14008F5471 /* GameScreenViewController.xib */ = {isa = PBXFileReference; lastKnownFileType = file.xib; path = GameScreenViewController.xib; sourceTree = "<group>"; };
		19702FF924BF76E5008F5471 /* GameScreenViewModel.swift */ = {isa = PBXFileReference; lastKnownFileType = sourcecode.swift; path = GameScreenViewModel.swift; sourceTree = "<group>"; };
		19702FFC24BF8549008F5471 /* WordsService.swift */ = {isa = PBXFileReference; lastKnownFileType = sourcecode.swift; path = WordsService.swift; sourceTree = "<group>"; };
		19702FFE24BF8562008F5471 /* Word.swift */ = {isa = PBXFileReference; lastKnownFileType = sourcecode.swift; path = Word.swift; sourceTree = "<group>"; };
		1970300024BF8593008F5471 /* words.json */ = {isa = PBXFileReference; fileEncoding = 4; lastKnownFileType = text.json; path = words.json; sourceTree = "<group>"; };
		1986292624C038A300C8D634 /* GameEngine.swift */ = {isa = PBXFileReference; lastKnownFileType = sourcecode.swift; path = GameEngine.swift; sourceTree = "<group>"; };
/* End PBXFileReference section */

/* Begin PBXFrameworksBuildPhase section */
		19702FC624BF663B008F5471 /* Frameworks */ = {
			isa = PBXFrameworksBuildPhase;
			buildActionMask = 2147483647;
			files = (
			);
			runOnlyForDeploymentPostprocessing = 0;
		};
		19702FDC24BF663F008F5471 /* Frameworks */ = {
			isa = PBXFrameworksBuildPhase;
			buildActionMask = 2147483647;
			files = (
			);
			runOnlyForDeploymentPostprocessing = 0;
		};
/* End PBXFrameworksBuildPhase section */

/* Begin PBXGroup section */
		19702FC024BF663B008F5471 = {
			isa = PBXGroup;
			children = (
				19702FCB24BF663B008F5471 /* FallingWords */,
				19702FE224BF663F008F5471 /* FallingWordsTests */,
				19702FCA24BF663B008F5471 /* Products */,
			);
			sourceTree = "<group>";
		};
		19702FCA24BF663B008F5471 /* Products */ = {
			isa = PBXGroup;
			children = (
				19702FC924BF663B008F5471 /* FallingWords.app */,
				19702FDF24BF663F008F5471 /* FallingWordsTests.xctest */,
			);
			name = Products;
			sourceTree = "<group>";
		};
		19702FCB24BF663B008F5471 /* FallingWords */ = {
			isa = PBXGroup;
			children = (
				19702FEE24BF6719008F5471 /* Classes */,
				19702FEF24BF6735008F5471 /* Other */,
			);
			path = FallingWords;
			sourceTree = "<group>";
		};
		19702FE224BF663F008F5471 /* FallingWordsTests */ = {
			isa = PBXGroup;
			children = (
				19702FE324BF663F008F5471 /* GameEngineTests.swift */,
				19526BE224C0BFD20037AA8F /* GameWordPickerStub.swift */,
				19702FE524BF663F008F5471 /* Info.plist */,
			);
			path = FallingWordsTests;
			sourceTree = "<group>";
		};
		19702FEE24BF6719008F5471 /* Classes */ = {
			isa = PBXGroup;
			children = (
				19702FFB24BF8535008F5471 /* Model */,
				19702FF124BF67A4008F5471 /* UI */,
				19702FCC24BF663B008F5471 /* AppDelegate.swift */,
			);
			path = Classes;
			sourceTree = "<group>";
		};
		19702FEF24BF6735008F5471 /* Other */ = {
			isa = PBXGroup;
			children = (
				1970300024BF8593008F5471 /* words.json */,
				19702FDA24BF663F008F5471 /* Info.plist */,
				19702FD724BF663F008F5471 /* LaunchScreen.storyboard */,
				19702FD524BF663F008F5471 /* Assets.xcassets */,
			);
			path = Other;
			sourceTree = "<group>";
		};
		19702FF124BF67A4008F5471 /* UI */ = {
			isa = PBXGroup;
			children = (
				19702FF224BF67CA008F5471 /* GameScreen */,
			);
			path = UI;
			sourceTree = "<group>";
		};
		19702FF224BF67CA008F5471 /* GameScreen */ = {
			isa = PBXGroup;
			children = (
				19702FF324BF67F6008F5471 /* GameScreenViewController.swift */,
				19702FF524BF6820008F5471 /* GameScreenAssembly.swift */,
				19702FF924BF76E5008F5471 /* GameScreenViewModel.swift */,
				19702FF724BF6B14008F5471 /* GameScreenViewController.xib */,
			);
			path = GameScreen;
			sourceTree = "<group>";
		};
		19702FFB24BF8535008F5471 /* Model */ = {
			isa = PBXGroup;
			children = (
				19702FFC24BF8549008F5471 /* WordsService.swift */,
				19702FFE24BF8562008F5471 /* Word.swift */,
				1986292624C038A300C8D634 /* GameEngine.swift */,
				19526BE024C0BCA00037AA8F /* GameWordPicker.swift */,
			);
			path = Model;
			sourceTree = "<group>";
		};
/* End PBXGroup section */

/* Begin PBXNativeTarget section */
		19702FC824BF663B008F5471 /* FallingWords */ = {
			isa = PBXNativeTarget;
			buildConfigurationList = 19702FE824BF663F008F5471 /* Build configuration list for PBXNativeTarget "FallingWords" */;
			buildPhases = (
				19702FC524BF663B008F5471 /* Sources */,
				19702FC624BF663B008F5471 /* Frameworks */,
				19702FC724BF663B008F5471 /* Resources */,
			);
			buildRules = (
			);
			dependencies = (
			);
			name = FallingWords;
			productName = FallingWords;
			productReference = 19702FC924BF663B008F5471 /* FallingWords.app */;
			productType = "com.apple.product-type.application";
		};
		19702FDE24BF663F008F5471 /* FallingWordsTests */ = {
			isa = PBXNativeTarget;
			buildConfigurationList = 19702FEB24BF663F008F5471 /* Build configuration list for PBXNativeTarget "FallingWordsTests" */;
			buildPhases = (
				19702FDB24BF663F008F5471 /* Sources */,
				19702FDC24BF663F008F5471 /* Frameworks */,
				19702FDD24BF663F008F5471 /* Resources */,
			);
			buildRules = (
			);
			dependencies = (
				19702FE124BF663F008F5471 /* PBXTargetDependency */,
			);
			name = FallingWordsTests;
			productName = FallingWordsTests;
			productReference = 19702FDF24BF663F008F5471 /* FallingWordsTests.xctest */;
			productType = "com.apple.product-type.bundle.unit-test";
		};
/* End PBXNativeTarget section */

/* Begin PBXProject section */
		19702FC124BF663B008F5471 /* Project object */ = {
			isa = PBXProject;
			attributes = {
				LastSwiftUpdateCheck = 1150;
				LastUpgradeCheck = 1150;
				ORGANIZATIONNAME = "Poderechin Anton";
				TargetAttributes = {
					19702FC824BF663B008F5471 = {
						CreatedOnToolsVersion = 11.5;
					};
					19702FDE24BF663F008F5471 = {
						CreatedOnToolsVersion = 11.5;
						TestTargetID = 19702FC824BF663B008F5471;
					};
				};
			};
			buildConfigurationList = 19702FC424BF663B008F5471 /* Build configuration list for PBXProject "FallingWords" */;
			compatibilityVersion = "Xcode 9.3";
			developmentRegion = en;
			hasScannedForEncodings = 0;
			knownRegions = (
				en,
				Base,
			);
			mainGroup = 19702FC024BF663B008F5471;
			productRefGroup = 19702FCA24BF663B008F5471 /* Products */;
			projectDirPath = "";
			projectRoot = "";
			targets = (
				19702FC824BF663B008F5471 /* FallingWords */,
				19702FDE24BF663F008F5471 /* FallingWordsTests */,
			);
		};
/* End PBXProject section */

/* Begin PBXResourcesBuildPhase section */
		19702FC724BF663B008F5471 /* Resources */ = {
			isa = PBXResourcesBuildPhase;
			buildActionMask = 2147483647;
			files = (
				19702FD924BF663F008F5471 /* LaunchScreen.storyboard in Resources */,
				1970300124BF8593008F5471 /* words.json in Resources */,
				19702FD624BF663F008F5471 /* Assets.xcassets in Resources */,
				19702FF824BF6B14008F5471 /* GameScreenViewController.xib in Resources */,
			);
			runOnlyForDeploymentPostprocessing = 0;
		};
		19702FDD24BF663F008F5471 /* Resources */ = {
			isa = PBXResourcesBuildPhase;
			buildActionMask = 2147483647;
			files = (
				19526BDF24C0B4120037AA8F /* words.json in Resources */,
			);
			runOnlyForDeploymentPostprocessing = 0;
		};
/* End PBXResourcesBuildPhase section */

/* Begin PBXSourcesBuildPhase section */
		19702FC524BF663B008F5471 /* Sources */ = {
			isa = PBXSourcesBuildPhase;
			buildActionMask = 2147483647;
			files = (
				19702FF624BF6820008F5471 /* GameScreenAssembly.swift in Sources */,
				19702FF424BF67F6008F5471 /* GameScreenViewController.swift in Sources */,
				1986292724C038A300C8D634 /* GameEngine.swift in Sources */,
				19526BE124C0BCA00037AA8F /* GameWordPicker.swift in Sources */,
				19702FFA24BF76E5008F5471 /* GameScreenViewModel.swift in Sources */,
				19702FFD24BF8549008F5471 /* WordsService.swift in Sources */,
				19702FCD24BF663B008F5471 /* AppDelegate.swift in Sources */,
				19702FFF24BF8562008F5471 /* Word.swift in Sources */,
			);
			runOnlyForDeploymentPostprocessing = 0;
		};
		19702FDB24BF663F008F5471 /* Sources */ = {
			isa = PBXSourcesBuildPhase;
			buildActionMask = 2147483647;
			files = (
				19702FE424BF663F008F5471 /* GameEngineTests.swift in Sources */,
				19526BE324C0BFD20037AA8F /* GameWordPickerStub.swift in Sources */,
			);
			runOnlyForDeploymentPostprocessing = 0;
		};
/* End PBXSourcesBuildPhase section */

/* Begin PBXTargetDependency section */
		19702FE124BF663F008F5471 /* PBXTargetDependency */ = {
			isa = PBXTargetDependency;
			target = 19702FC824BF663B008F5471 /* FallingWords */;
			targetProxy = 19702FE024BF663F008F5471 /* PBXContainerItemProxy */;
		};
/* End PBXTargetDependency section */

/* Begin PBXVariantGroup section */
		19702FD724BF663F008F5471 /* LaunchScreen.storyboard */ = {
			isa = PBXVariantGroup;
			children = (
				19702FD824BF663F008F5471 /* Base */,
			);
			name = LaunchScreen.storyboard;
			sourceTree = "<group>";
		};
/* End PBXVariantGroup section */

/* Begin XCBuildConfiguration section */
		19702FE624BF663F008F5471 /* Debug */ = {
			isa = XCBuildConfiguration;
			buildSettings = {
				ALWAYS_SEARCH_USER_PATHS = NO;
				CLANG_ANALYZER_NONNULL = YES;
				CLANG_ANALYZER_NUMBER_OBJECT_CONVERSION = YES_AGGRESSIVE;
				CLANG_CXX_LANGUAGE_STANDARD = "gnu++14";
				CLANG_CXX_LIBRARY = "libc++";
				CLANG_ENABLE_MODULES = YES;
				CLANG_ENABLE_OBJC_ARC = YES;
				CLANG_ENABLE_OBJC_WEAK = YES;
				CLANG_WARN_BLOCK_CAPTURE_AUTORELEASING = YES;
				CLANG_WARN_BOOL_CONVERSION = YES;
				CLANG_WARN_COMMA = YES;
				CLANG_WARN_CONSTANT_CONVERSION = YES;
				CLANG_WARN_DEPRECATED_OBJC_IMPLEMENTATIONS = YES;
				CLANG_WARN_DIRECT_OBJC_ISA_USAGE = YES_ERROR;
				CLANG_WARN_DOCUMENTATION_COMMENTS = YES;
				CLANG_WARN_EMPTY_BODY = YES;
				CLANG_WARN_ENUM_CONVERSION = YES;
				CLANG_WARN_INFINITE_RECURSION = YES;
				CLANG_WARN_INT_CONVERSION = YES;
				CLANG_WARN_NON_LITERAL_NULL_CONVERSION = YES;
				CLANG_WARN_OBJC_IMPLICIT_RETAIN_SELF = YES;
				CLANG_WARN_OBJC_LITERAL_CONVERSION = YES;
				CLANG_WARN_OBJC_ROOT_CLASS = YES_ERROR;
				CLANG_WARN_RANGE_LOOP_ANALYSIS = YES;
				CLANG_WARN_STRICT_PROTOTYPES = YES;
				CLANG_WARN_SUSPICIOUS_MOVE = YES;
				CLANG_WARN_UNGUARDED_AVAILABILITY = YES_AGGRESSIVE;
				CLANG_WARN_UNREACHABLE_CODE = YES;
				CLANG_WARN__DUPLICATE_METHOD_MATCH = YES;
				COPY_PHASE_STRIP = NO;
				DEBUG_INFORMATION_FORMAT = dwarf;
				ENABLE_STRICT_OBJC_MSGSEND = YES;
				ENABLE_TESTABILITY = YES;
				GCC_C_LANGUAGE_STANDARD = gnu11;
				GCC_DYNAMIC_NO_PIC = NO;
				GCC_NO_COMMON_BLOCKS = YES;
				GCC_OPTIMIZATION_LEVEL = 0;
				GCC_PREPROCESSOR_DEFINITIONS = (
					"DEBUG=1",
					"$(inherited)",
				);
				GCC_WARN_64_TO_32_BIT_CONVERSION = YES;
				GCC_WARN_ABOUT_RETURN_TYPE = YES_ERROR;
				GCC_WARN_UNDECLARED_SELECTOR = YES;
				GCC_WARN_UNINITIALIZED_AUTOS = YES_AGGRESSIVE;
				GCC_WARN_UNUSED_FUNCTION = YES;
				GCC_WARN_UNUSED_VARIABLE = YES;
				IPHONEOS_DEPLOYMENT_TARGET = 13.5;
				MTL_ENABLE_DEBUG_INFO = INCLUDE_SOURCE;
				MTL_FAST_MATH = YES;
				ONLY_ACTIVE_ARCH = YES;
				SDKROOT = iphoneos;
				SWIFT_ACTIVE_COMPILATION_CONDITIONS = DEBUG;
				SWIFT_OPTIMIZATION_LEVEL = "-Onone";
			};
			name = Debug;
		};
		19702FE724BF663F008F5471 /* Release */ = {
			isa = XCBuildConfiguration;
			buildSettings = {
				ALWAYS_SEARCH_USER_PATHS = NO;
				CLANG_ANALYZER_NONNULL = YES;
				CLANG_ANALYZER_NUMBER_OBJECT_CONVERSION = YES_AGGRESSIVE;
				CLANG_CXX_LANGUAGE_STANDARD = "gnu++14";
				CLANG_CXX_LIBRARY = "libc++";
				CLANG_ENABLE_MODULES = YES;
				CLANG_ENABLE_OBJC_ARC = YES;
				CLANG_ENABLE_OBJC_WEAK = YES;
				CLANG_WARN_BLOCK_CAPTURE_AUTORELEASING = YES;
				CLANG_WARN_BOOL_CONVERSION = YES;
				CLANG_WARN_COMMA = YES;
				CLANG_WARN_CONSTANT_CONVERSION = YES;
				CLANG_WARN_DEPRECATED_OBJC_IMPLEMENTATIONS = YES;
				CLANG_WARN_DIRECT_OBJC_ISA_USAGE = YES_ERROR;
				CLANG_WARN_DOCUMENTATION_COMMENTS = YES;
				CLANG_WARN_EMPTY_BODY = YES;
				CLANG_WARN_ENUM_CONVERSION = YES;
				CLANG_WARN_INFINITE_RECURSION = YES;
				CLANG_WARN_INT_CONVERSION = YES;
				CLANG_WARN_NON_LITERAL_NULL_CONVERSION = YES;
				CLANG_WARN_OBJC_IMPLICIT_RETAIN_SELF = YES;
				CLANG_WARN_OBJC_LITERAL_CONVERSION = YES;
				CLANG_WARN_OBJC_ROOT_CLASS = YES_ERROR;
				CLANG_WARN_RANGE_LOOP_ANALYSIS = YES;
				CLANG_WARN_STRICT_PROTOTYPES = YES;
				CLANG_WARN_SUSPICIOUS_MOVE = YES;
				CLANG_WARN_UNGUARDED_AVAILABILITY = YES_AGGRESSIVE;
				CLANG_WARN_UNREACHABLE_CODE = YES;
				CLANG_WARN__DUPLICATE_METHOD_MATCH = YES;
				COPY_PHASE_STRIP = NO;
				DEBUG_INFORMATION_FORMAT = "dwarf-with-dsym";
				ENABLE_NS_ASSERTIONS = NO;
				ENABLE_STRICT_OBJC_MSGSEND = YES;
				GCC_C_LANGUAGE_STANDARD = gnu11;
				GCC_NO_COMMON_BLOCKS = YES;
				GCC_WARN_64_TO_32_BIT_CONVERSION = YES;
				GCC_WARN_ABOUT_RETURN_TYPE = YES_ERROR;
				GCC_WARN_UNDECLARED_SELECTOR = YES;
				GCC_WARN_UNINITIALIZED_AUTOS = YES_AGGRESSIVE;
				GCC_WARN_UNUSED_FUNCTION = YES;
				GCC_WARN_UNUSED_VARIABLE = YES;
				IPHONEOS_DEPLOYMENT_TARGET = 13.5;
				MTL_ENABLE_DEBUG_INFO = NO;
				MTL_FAST_MATH = YES;
				SDKROOT = iphoneos;
				SWIFT_COMPILATION_MODE = wholemodule;
				SWIFT_OPTIMIZATION_LEVEL = "-O";
				VALIDATE_PRODUCT = YES;
			};
			name = Release;
		};
		19702FE924BF663F008F5471 /* Debug */ = {
			isa = XCBuildConfiguration;
			buildSettings = {
				ASSETCATALOG_COMPILER_APPICON_NAME = AppIcon;
				CODE_SIGN_STYLE = Automatic;
				DEVELOPMENT_TEAM = QA7S5T7A66;
				INFOPLIST_FILE = FallingWords/Other/Info.plist;
				LD_RUNPATH_SEARCH_PATHS = (
					"$(inherited)",
					"@executable_path/Frameworks",
				);
				PRODUCT_BUNDLE_IDENTIFIER = com.apoderechin.fallingwords.FallingWords;
				PRODUCT_NAME = "$(TARGET_NAME)";
				SWIFT_VERSION = 5.0;
				TARGETED_DEVICE_FAMILY = "1,2";
			};
			name = Debug;
		};
		19702FEA24BF663F008F5471 /* Release */ = {
			isa = XCBuildConfiguration;
			buildSettings = {
				ASSETCATALOG_COMPILER_APPICON_NAME = AppIcon;
				CODE_SIGN_STYLE = Automatic;
				DEVELOPMENT_TEAM = QA7S5T7A66;
				INFOPLIST_FILE = FallingWords/Other/Info.plist;
				LD_RUNPATH_SEARCH_PATHS = (
					"$(inherited)",
					"@executable_path/Frameworks",
				);
				PRODUCT_BUNDLE_IDENTIFIER = com.apoderechin.fallingwords.FallingWords;
				PRODUCT_NAME = "$(TARGET_NAME)";
				SWIFT_VERSION = 5.0;
				TARGETED_DEVICE_FAMILY = "1,2";
			};
			name = Release;
		};
		19702FEC24BF663F008F5471 /* Debug */ = {
			isa = XCBuildConfiguration;
			buildSettings = {
				ALWAYS_EMBED_SWIFT_STANDARD_LIBRARIES = YES;
				BUNDLE_LOADER = "$(TEST_HOST)";
				CODE_SIGN_STYLE = Automatic;
				DEVELOPMENT_TEAM = QA7S5T7A66;
				INFOPLIST_FILE = FallingWordsTests/Info.plist;
				IPHONEOS_DEPLOYMENT_TARGET = 13.5;
				LD_RUNPATH_SEARCH_PATHS = (
					"$(inherited)",
					"@executable_path/Frameworks",
					"@loader_path/Frameworks",
				);
				PRODUCT_BUNDLE_IDENTIFIER = com.apoderechin.fallingwords.FallingWordsTests;
				PRODUCT_NAME = "$(TARGET_NAME)";
				SWIFT_VERSION = 5.0;
				TARGETED_DEVICE_FAMILY = "1,2";
				TEST_HOST = "$(BUILT_PRODUCTS_DIR)/FallingWords.app/FallingWords";
			};
			name = Debug;
		};
		19702FED24BF663F008F5471 /* Release */ = {
			isa = XCBuildConfiguration;
			buildSettings = {
				ALWAYS_EMBED_SWIFT_STANDARD_LIBRARIES = YES;
				BUNDLE_LOADER = "$(TEST_HOST)";
				CODE_SIGN_STYLE = Automatic;
				DEVELOPMENT_TEAM = QA7S5T7A66;
				INFOPLIST_FILE = FallingWordsTests/Info.plist;
				IPHONEOS_DEPLOYMENT_TARGET = 13.5;
				LD_RUNPATH_SEARCH_PATHS = (
					"$(inherited)",
					"@executable_path/Frameworks",
					"@loader_path/Frameworks",
				);
				PRODUCT_BUNDLE_IDENTIFIER = com.apoderechin.fallingwords.FallingWordsTests;
				PRODUCT_NAME = "$(TARGET_NAME)";
				SWIFT_VERSION = 5.0;
				TARGETED_DEVICE_FAMILY = "1,2";
				TEST_HOST = "$(BUILT_PRODUCTS_DIR)/FallingWords.app/FallingWords";
			};
			name = Release;
		};
/* End XCBuildConfiguration section */

/* Begin XCConfigurationList section */
		19702FC424BF663B008F5471 /* Build configuration list for PBXProject "FallingWords" */ = {
			isa = XCConfigurationList;
			buildConfigurations = (
				19702FE624BF663F008F5471 /* Debug */,
				19702FE724BF663F008F5471 /* Release */,
			);
			defaultConfigurationIsVisible = 0;
			defaultConfigurationName = Release;
		};
		19702FE824BF663F008F5471 /* Build configuration list for PBXNativeTarget "FallingWords" */ = {
			isa = XCConfigurationList;
			buildConfigurations = (
				19702FE924BF663F008F5471 /* Debug */,
				19702FEA24BF663F008F5471 /* Release */,
			);
			defaultConfigurationIsVisible = 0;
			defaultConfigurationName = Release;
		};
		19702FEB24BF663F008F5471 /* Build configuration list for PBXNativeTarget "FallingWordsTests" */ = {
			isa = XCConfigurationList;
			buildConfigurations = (
				19702FEC24BF663F008F5471 /* Debug */,
				19702FED24BF663F008F5471 /* Release */,
			);
			defaultConfigurationIsVisible = 0;
			defaultConfigurationName = Release;
		};
/* End XCConfigurationList section */
	};
	rootObject = 19702FC124BF663B008F5471 /* Project object */;
}
